<?xml version="1.0" encoding="utf-8"?>
<Project ToolsVersion="4.0" xmlns="http://schemas.microsoft.com/developer/msbuild/2003">
  <ItemGroup>
    <Filter Include="Source Files">
      <UniqueIdentifier>{4FC737F1-C7A5-4376-A066-2A32D752A2FF}</UniqueIdentifier>
      <Extensions>cpp;c;cc;cxx;def;odl;idl;hpj;bat;asm;asmx</Extensions>
    </Filter>
    <Filter Include="Header Files">
      <UniqueIdentifier>{93995380-89BD-4b04-88EB-625FBE52EBFB}</UniqueIdentifier>
      <Extensions>h;hh;hpp;hxx;hm;inl;inc;ipp;xsd</Extensions>
    </Filter>
    <Filter Include="Resource Files">
      <UniqueIdentifier>{67DA6AB6-F800-4c08-8B7A-83BB121AAD01}</UniqueIdentifier>
      <Extensions>rc;ico;cur;bmp;dlg;rc2;rct;bin;rgs;gif;jpg;jpeg;jpe;resx;tiff;tif;png;wav;mfcribbon-ms</Extensions>
    </Filter>
    <Filter Include="shaders">
      <UniqueIdentifier>{57158bad-027a-45fd-b26a-87ea12bced3d}</UniqueIdentifier>
    </Filter>
  </ItemGroup>
  <ItemGroup>
    <ClCompile Include="source\Actor.cpp">
      <Filter>Source Files</Filter>
    </ClCompile>
    <ClCompile Include="source\Camera.cpp">
      <Filter>Source Files</Filter>
    </ClCompile>
    <ClCompile Include="source\Components.cpp">
      <Filter>Source Files</Filter>
    </ClCompile>
    <ClCompile Include="source\glad.c">
      <Filter>Source Files</Filter>
    </ClCompile>
    <ClCompile Include="source\imgui_impl_glfw_gl3.cpp">
      <Filter>Source Files</Filter>
    </ClCompile>
    <ClCompile Include="source\Lights.cpp">
      <Filter>Source Files</Filter>
    </ClCompile>
    <ClCompile Include="source\main.cpp">
      <Filter>Source Files</Filter>
    </ClCompile>
    <ClCompile Include="source\Material.cpp">
      <Filter>Source Files</Filter>
    </ClCompile>
    <ClCompile Include="source\Mesh.cpp">
      <Filter>Source Files</Filter>
    </ClCompile>
    <ClCompile Include="source\Model.cpp">
      <Filter>Source Files</Filter>
    </ClCompile>
    <ClCompile Include="source\PostProcessingStep.cpp">
      <Filter>Source Files</Filter>
    </ClCompile>
    <ClCompile Include="source\Scene.cpp">
      <Filter>Source Files</Filter>
    </ClCompile>
    <ClCompile Include="source\Shader.cpp">
      <Filter>Source Files</Filter>
    </ClCompile>
    <ClCompile Include="source\Texture.cpp">
      <Filter>Source Files</Filter>
    </ClCompile>
    <ClCompile Include="source\Cubemap.cpp">
      <Filter>Source Files</Filter>
    </ClCompile>
    <ClCompile Include="source\AssetLoader.cpp">
      <Filter>Source Files</Filter>
    </ClCompile>
  </ItemGroup>
  <ItemGroup>
    <ClInclude Include="headers\Actor.h">
      <Filter>Header Files</Filter>
    </ClInclude>
    <ClInclude Include="headers\Camera.h">
      <Filter>Header Files</Filter>
    </ClInclude>
    <ClInclude Include="headers\Components.h">
      <Filter>Header Files</Filter>
    </ClInclude>
    <ClInclude Include="headers\Globals.h">
      <Filter>Header Files</Filter>
    </ClInclude>
    <ClInclude Include="headers\imgui_impl_glfw_gl3.h">
      <Filter>Header Files</Filter>
    </ClInclude>
    <ClInclude Include="headers\Lights.h">
      <Filter>Header Files</Filter>
    </ClInclude>
    <ClInclude Include="headers\Material.h">
      <Filter>Header Files</Filter>
    </ClInclude>
    <ClInclude Include="headers\Mesh.h">
      <Filter>Header Files</Filter>
    </ClInclude>
    <ClInclude Include="headers\Model.h">
      <Filter>Header Files</Filter>
    </ClInclude>
    <ClInclude Include="headers\PostProcessingStep.h">
      <Filter>Header Files</Filter>
    </ClInclude>
    <ClInclude Include="headers\Scene.h">
      <Filter>Header Files</Filter>
    </ClInclude>
    <ClInclude Include="headers\Shader.h">
      <Filter>Header Files</Filter>
    </ClInclude>
    <ClInclude Include="headers\Texture.h">
      <Filter>Header Files</Filter>
    </ClInclude>
    <ClInclude Include="headers\Util.h">
      <Filter>Header Files</Filter>
    </ClInclude>
    <ClInclude Include="headers\Cubemap.h">
      <Filter>Header Files</Filter>
    </ClInclude>
    <ClInclude Include="headers\Resources.h">
      <Filter>Header Files</Filter>
    </ClInclude>
    <ClInclude Include="headers\AssetLoader.h">
      <Filter>Header Files</Filter>
    </ClInclude>
    <ClInclude Include="headers\Asset.h">
      <Filter>Header Files</Filter>
    </ClInclude>
  </ItemGroup>
  <ItemGroup>
    <None Include="shaders\light.vert">
      <Filter>shaders</Filter>
    </None>
    <None Include="shaders\light.frag">
      <Filter>shaders</Filter>
    </None>
    <None Include="shaders\phong.vert">
      <Filter>shaders</Filter>
    </None>
    <None Include="shaders\phong.frag">
      <Filter>shaders</Filter>
    </None>
    <None Include="shaders\debugNormals.frag">
      <Filter>shaders</Filter>
    </None>
    <None Include="shaders\debugNormals.vert">
      <Filter>shaders</Filter>
    </None>
    <None Include="shaders\debugDepthBuffer.frag">
      <Filter>shaders</Filter>
    </None>
    <None Include="shaders\debugDepthBuffer.vert">
      <Filter>shaders</Filter>
    </None>
    <None Include="shaders\outline.vert">
      <Filter>shaders</Filter>
    </None>
    <None Include="shaders\outline.frag">
      <Filter>shaders</Filter>
    </None>
    <None Include="shaders\ppBW.frag">
      <Filter>shaders</Filter>
    </None>
    <None Include="shaders\ppConvolution.frag">
      <Filter>shaders</Filter>
    </None>
    <None Include="shaders\ppInvert.frag">
      <Filter>shaders</Filter>
    </None>
    <None Include="shaders\ppPassthrough.frag">
      <Filter>shaders</Filter>
    </None>
    <None Include="shaders\debugTextureCoords.vert">
      <Filter>shaders</Filter>
    </None>
    <None Include="shaders\debugTextureCoords.frag">
      <Filter>shaders</Filter>
    </None>
    <None Include="shaders\gouraud.vert">
      <Filter>shaders</Filter>
    </None>
    <None Include="shaders\gouraud.frag">
      <Filter>shaders</Filter>
    </None>
    <None Include="shaders\skybox.frag">
      <Filter>shaders</Filter>
    </None>
    <None Include="shaders\skybox.vert">
      <Filter>shaders</Filter>
    </None>
    <None Include="shaders\reflection.vert">
      <Filter>shaders</Filter>
    </None>
    <None Include="shaders\reflection.frag">
      <Filter>shaders</Filter>
    </None>
    <None Include="shaders\refraction.frag">
      <Filter>shaders</Filter>
    </None>
    <None Include="shaders\refraction.vert">
      <Filter>shaders</Filter>
    </None>
    <None Include="shaders\pp.vert">
      <Filter>shaders</Filter>
    </None>
    <None Include="shaders\debugNormalsShowLines.geom">
      <Filter>shaders</Filter>
    </None>
    <None Include="shaders\debugNormalsShowLines.frag">
      <Filter>shaders</Filter>
    </None>
    <None Include="shaders\debugNormalsShowLines.vert">
      <Filter>shaders</Filter>
    </None>
    <None Include="shaders\debugNormals.geom">
      <Filter>shaders</Filter>
    </None>
    <None Include="shaders\flat.frag">
      <Filter>shaders</Filter>
    </None>
    <None Include="shaders\flat.geom">
      <Filter>shaders</Filter>
    </None>
    <None Include="shaders\flat.vert">
      <Filter>shaders</Filter>
    </None>
    <None Include="shaders\ppChromaticAberration.frag">
      <Filter>shaders</Filter>
    </None>
    <None Include="shaders\ppGammaHDR.frag">
      <Filter>shaders</Filter>
    </None>
    <None Include="shaders\blinn-phong.frag">
      <Filter>shaders</Filter>
    </None>
  </ItemGroup>
</Project>